
Microsoft Visual Studio Solution File, Format Version 12.00
# Visual Studio 15
VisualStudioVersion = 15.0.28307.902
MinimumVisualStudioVersion = 10.0.40219.1
Project("{9A19103F-16F7-4668-BE54-9A1E7A4F7556}") = "HtmlToOpenXml", "src\HtmlToOpenXml\HtmlToOpenXml.csproj", "{FF8573F7-3DBC-465A-85E5-D36EC47ECAF1}"
EndProject
Project("{9A19103F-16F7-4668-BE54-9A1E7A4F7556}") = "DemoApp", "examples\DemoApp\DemoApp.csproj", "{FAA74038-38F1-4F43-A3F6-08F57ECB1663}"
EndProject
Project("{FAE04EC0-301F-11D3-BF4B-00C04F79EFBC}") = "HtmlToOpenXml.Tests", "tests\HtmlToOpenXml.Tests\HtmlToOpenXml.Tests.csproj", "{56D12EA4-7C1B-4DFE-972E-583A955DFCDF}"
EndProject
Global
	GlobalSection(SolutionConfigurationPlatforms) = preSolution
		Debug|Any CPU = Debug|Any CPU
		Release|Any CPU = Release|Any CPU
	EndGlobalSection
	GlobalSection(ProjectConfigurationPlatforms) = postSolution
		{FF8573F7-3DBC-465A-85E5-D36EC47ECAF1}.Debug|Any CPU.ActiveCfg = Debug|Any CPU
		{FF8573F7-3DBC-465A-85E5-D36EC47ECAF1}.Debug|Any CPU.Build.0 = Debug|Any CPU
		{FF8573F7-3DBC-465A-85E5-D36EC47ECAF1}.Release|Any CPU.ActiveCfg = Release|Any CPU
		{FF8573F7-3DBC-465A-85E5-D36EC47ECAF1}.Release|Any CPU.Build.0 = Release|Any CPU
		{FAA74038-38F1-4F43-A3F6-08F57ECB1663}.Debug|Any CPU.ActiveCfg = Debug|Any CPU
		{FAA74038-38F1-4F43-A3F6-08F57ECB1663}.Debug|Any CPU.Build.0 = Debug|Any CPU
		{FAA74038-38F1-4F43-A3F6-08F57ECB1663}.Release|Any CPU.ActiveCfg = Release|Any CPU
		{FAA74038-38F1-4F43-A3F6-08F57ECB1663}.Release|Any CPU.Build.0 = Release|Any CPU
		{56D12EA4-7C1B-4DFE-972E-583A955DFCDF}.Debug|Any CPU.ActiveCfg = Debug|Any CPU
		{56D12EA4-7C1B-4DFE-972E-583A955DFCDF}.Debug|Any CPU.Build.0 = Debug|Any CPU
		{56D12EA4-7C1B-4DFE-972E-583A955DFCDF}.Release|Any CPU.ActiveCfg = Release|Any CPU
		{56D12EA4-7C1B-4DFE-972E-583A955DFCDF}.Release|Any CPU.Build.0 = Release|Any CPU
	EndGlobalSection
	GlobalSection(SolutionProperties) = preSolution
		HideSolutionNode = FALSE
	EndGlobalSection
	GlobalSection(ExtensibilityGlobals) = postSolution
		SolutionGuid = {BBAA5944-06DB-44D6-97F7-1A4F0336CFD5}
	EndGlobalSection
EndGlobal
